
Microsoft Visual Studio Solution File, Format Version 12.00
Project("{FAE04EC0-301F-11D3-BF4B-00C04F79EFBC}") = "PiServerMonitor", "PiServerMonitor\PiServerMonitor.csproj", "{11FDF716-5FB5-45AB-AAB0-D336971263E5}"
EndProject
Global
	GlobalSection(SolutionConfigurationPlatforms) = preSolution
		Debug|Any CPU = Debug|Any CPU
		Release|Any CPU = Release|Any CPU
	EndGlobalSection
	GlobalSection(ProjectConfigurationPlatforms) = postSolution
		{11FDF716-5FB5-45AB-AAB0-D336971263E5}.Debug|Any CPU.ActiveCfg = Debug|Any CPU
		{11FDF716-5FB5-45AB-AAB0-D336971263E5}.Debug|Any CPU.Build.0 = Debug|Any CPU
		{11FDF716-5FB5-45AB-AAB0-D336971263E5}.Release|Any CPU.ActiveCfg = Release|Any CPU
		{11FDF716-5FB5-45AB-AAB0-D336971263E5}.Release|Any CPU.Build.0 = Release|Any CPU
	EndGlobalSection
EndGlobal
